PODS:
  - CMDQueryStringSerialization (0.3.1):
    - ISO8601
  - ISO8601 (0.1.1)

DEPENDENCIES:
  - CMDQueryStringSerialization (from `../`)

EXTERNAL SOURCES:
  CMDQueryStringSerialization:
    :path: ../

SPEC CHECKSUMS:
  CMDQueryStringSerialization: e695b45a5ab21c5e1c65e168a9059ee6e97e9b24
  ISO8601: a6afce5fbe854024802367c814fac4aa8d3586f9

COCOAPODS: 0.34.4
